
Microsoft Visual Studio Solution File, Format Version 12.00
# Visual Studio Version 16
VisualStudioVersion = 16.0.32126.315
MinimumVisualStudioVersion = 10.0.40219.1
Project("{FAE04EC0-301F-11D3-BF4B-00C04F79EFBC}") = "ETLService", "ETLService\ETLService.csproj", "{097ADCC3-C5FB-44E0-99E3-774ED516F9F6}"
EndProject
Global
	GlobalSection(SolutionConfigurationPlatforms) = preSolution
		Debug|Any CPU = Debug|Any CPU
		Release|Any CPU = Release|Any CPU
	EndGlobalSection
	GlobalSection(ProjectConfigurationPlatforms) = postSolution
		{097ADCC3-C5FB-44E0-99E3-774ED516F9F6}.Debug|Any CPU.ActiveCfg = Debug|Any CPU
		{097ADCC3-C5FB-44E0-99E3-774ED516F9F6}.Debug|Any CPU.Build.0 = Debug|Any CPU
		{097ADCC3-C5FB-44E0-99E3-774ED516F9F6}.Release|Any CPU.ActiveCfg = Release|Any CPU
		{097ADCC3-C5FB-44E0-99E3-774ED516F9F6}.Release|Any CPU.Build.0 = Release|Any CPU
	EndGlobalSection
	GlobalSection(SolutionProperties) = preSolution
		HideSolutionNode = FALSE
	EndGlobalSection
	GlobalSection(ExtensibilityGlobals) = postSolution
		SolutionGuid = {5F1FADBF-33A1-4BE3-85D2-2A8C4FB8A493}
	EndGlobalSection
EndGlobal
